{
          "name": "MMM-Humanize-Duration",
          "version": "1.3.0",
          "lockfileVersion": 1,
          "requires": true,
          "dependencies": {
                    "humanize-duration": {
                              "version": "3.15.3",
                              "resolved": "https://registry.npmjs.org/humanize-duration/-/humanize-duration-3.15.3.tgz",
                              "integrity": "sha512-BMz6w8p3NVa6QP9wDtqUkXfwgBqDaZ5z/np0EYdoWrLqL849Onp6JWMXMhbHtuvO9jUThLN5H1ThRQ8dUWnYkA=="
                    }
          }
}
